
Microsoft Visual Studio Solution File, Format Version 12.00
# Visual Studio Version 16
VisualStudioVersion = 16.0.30523.141
MinimumVisualStudioVersion = 10.0.40219.1
Project("{FAE04EC0-301F-11D3-BF4B-00C04F79EFBC}") = "MyPortalinGIT", "MyPortalinGIT\MyPortalinGIT.csproj", "{2BA86577-21C3-49A6-93E7-DE2DB1DDEDD4}"
EndProject
Global
	GlobalSection(SolutionConfigurationPlatforms) = preSolution
		Debug|Any CPU = Debug|Any CPU
		Release|Any CPU = Release|Any CPU
	EndGlobalSection
	GlobalSection(ProjectConfigurationPlatforms) = postSolution
		{2BA86577-21C3-49A6-93E7-DE2DB1DDEDD4}.Debug|Any CPU.ActiveCfg = Debug|Any CPU
		{2BA86577-21C3-49A6-93E7-DE2DB1DDEDD4}.Debug|Any CPU.Build.0 = Debug|Any CPU
		{2BA86577-21C3-49A6-93E7-DE2DB1DDEDD4}.Release|Any CPU.ActiveCfg = Release|Any CPU
		{2BA86577-21C3-49A6-93E7-DE2DB1DDEDD4}.Release|Any CPU.Build.0 = Release|Any CPU
	EndGlobalSection
	GlobalSection(SolutionProperties) = preSolution
		HideSolutionNode = FALSE
	EndGlobalSection
	GlobalSection(ExtensibilityGlobals) = postSolution
		SolutionGuid = {1FDB7D22-0873-4734-BF58-76C98239C44B}
	EndGlobalSection
EndGlobal
